
Microsoft Visual Studio Solution File, Format Version 12.00
# Visual Studio Version 17
VisualStudioVersion = 17.4.33205.214
MinimumVisualStudioVersion = 10.0.40219.1
Project("{9A19103F-16F7-4668-BE54-9A1E7A4F7556}") = "WebApplication1", "WebApplication1.csproj", "{27C380E5-7C00-4BEB-9A40-22960AE17C7E}"
EndProject
Project("{9A19103F-16F7-4668-BE54-9A1E7A4F7556}") = "lab1b-WebSockets", "..\2-WebSockets\lab1b-WebSockets.csproj", "{4BD0C3D5-B42A-4EE0-927B-300A8F86A6BF}"
EndProject
Project("{9A19103F-16F7-4668-BE54-9A1E7A4F7556}") = "lab2a", "..\2a\lab2a.csproj", "{EC377C74-BEFB-4068-8266-836AD5F31981}"
EndProject
Project("{9A19103F-16F7-4668-BE54-9A1E7A4F7556}") = "lab2b", "..\lab2b\lab2b.csproj", "{102F9AB2-B70B-47E0-994E-552DA1E0A56E}"
EndProject
Project("{FAE04EC0-301F-11D3-BF4B-00C04F79EFBC}") = "WebApplication1.2_Client", "..\WebApplication1.2_Client\WebApplication1.2_Client.csproj", "{3FDD5D79-5E39-47AF-9062-8362DFCEEA7B}"
	ProjectSection(ProjectDependencies) = postProject
		{27C380E5-7C00-4BEB-9A40-22960AE17C7E} = {27C380E5-7C00-4BEB-9A40-22960AE17C7E}
	EndProjectSection
EndProject
Global
	GlobalSection(SolutionConfigurationPlatforms) = preSolution
		Debug|Any CPU = Debug|Any CPU
		Release|Any CPU = Release|Any CPU
	EndGlobalSection
	GlobalSection(ProjectConfigurationPlatforms) = postSolution
		{27C380E5-7C00-4BEB-9A40-22960AE17C7E}.Debug|Any CPU.ActiveCfg = Debug|Any CPU
		{27C380E5-7C00-4BEB-9A40-22960AE17C7E}.Debug|Any CPU.Build.0 = Debug|Any CPU
		{27C380E5-7C00-4BEB-9A40-22960AE17C7E}.Release|Any CPU.ActiveCfg = Release|Any CPU
		{27C380E5-7C00-4BEB-9A40-22960AE17C7E}.Release|Any CPU.Build.0 = Release|Any CPU
		{4BD0C3D5-B42A-4EE0-927B-300A8F86A6BF}.Debug|Any CPU.ActiveCfg = Debug|Any CPU
		{4BD0C3D5-B42A-4EE0-927B-300A8F86A6BF}.Debug|Any CPU.Build.0 = Debug|Any CPU
		{4BD0C3D5-B42A-4EE0-927B-300A8F86A6BF}.Release|Any CPU.ActiveCfg = Release|Any CPU
		{4BD0C3D5-B42A-4EE0-927B-300A8F86A6BF}.Release|Any CPU.Build.0 = Release|Any CPU
		{EC377C74-BEFB-4068-8266-836AD5F31981}.Debug|Any CPU.ActiveCfg = Debug|Any CPU
		{EC377C74-BEFB-4068-8266-836AD5F31981}.Debug|Any CPU.Build.0 = Debug|Any CPU
		{EC377C74-BEFB-4068-8266-836AD5F31981}.Release|Any CPU.ActiveCfg = Release|Any CPU
		{EC377C74-BEFB-4068-8266-836AD5F31981}.Release|Any CPU.Build.0 = Release|Any CPU
		{102F9AB2-B70B-47E0-994E-552DA1E0A56E}.Debug|Any CPU.ActiveCfg = Debug|Any CPU
		{102F9AB2-B70B-47E0-994E-552DA1E0A56E}.Debug|Any CPU.Build.0 = Debug|Any CPU
		{102F9AB2-B70B-47E0-994E-552DA1E0A56E}.Release|Any CPU.ActiveCfg = Release|Any CPU
		{102F9AB2-B70B-47E0-994E-552DA1E0A56E}.Release|Any CPU.Build.0 = Release|Any CPU
		{3FDD5D79-5E39-47AF-9062-8362DFCEEA7B}.Debug|Any CPU.ActiveCfg = Debug|Any CPU
		{3FDD5D79-5E39-47AF-9062-8362DFCEEA7B}.Debug|Any CPU.Build.0 = Debug|Any CPU
		{3FDD5D79-5E39-47AF-9062-8362DFCEEA7B}.Release|Any CPU.ActiveCfg = Release|Any CPU
		{3FDD5D79-5E39-47AF-9062-8362DFCEEA7B}.Release|Any CPU.Build.0 = Release|Any CPU
	EndGlobalSection
	GlobalSection(SolutionProperties) = preSolution
		HideSolutionNode = FALSE
	EndGlobalSection
	GlobalSection(ExtensibilityGlobals) = postSolution
		SolutionGuid = {2B1D7E89-6C60-4AF9-BCB2-5927D8E10EC8}
	EndGlobalSection
EndGlobal
